{
  "name": "cross-logger-node-example",
  "version": "1.0.0",
  "lockfileVersion": 3,
  "requires": true,
  "packages": {
    "": {
      "name": "cross-logger-node-example",
      "version": "1.0.0",
      "dependencies": {
        "@cross-logger/node": "*"
      },
      "devDependencies": {
        "tsx": "4.21.0",
        "typescript": "6.0.2"
      }
    },
    "../../bindings/node": {
      "name": "@cross-logger/node",
      "version": "0.1.0",
      "devDependencies": {
        "@napi-rs/cli": "^3.0.0"
      },
      "optionalDependencies": {
        "@cross-logger/node-darwin-arm64": "0.1.0",
        "@cross-logger/node-darwin-x64": "0.1.0",
        "@cross-logger/node-linux-arm64-gnu": "0.1.0",
        "@cross-logger/node-linux-x64-gnu": "0.1.0",
        "@cross-logger/node-win32-arm64-msvc": "0.1.0",
        "@cross-logger/node-win32-x64-msvc": "0.1.0"
      }
    },
    "../../bindings/node/node_modules/@inquirer/ansi": {
      "version": "2.0.5",
      "dev": true,
      "license": "MIT",
      "engines": {
        "node": ">=23.5.0 || ^22.13.0 || ^21.7.0 || ^20.12.0"
      }
    },
    "../../bindings/node/node_modules/@inquirer/checkbox": {
      "version": "5.1.3",
      "dev": true,
      "license": "MIT",
      "dependencies": {
        "@inquirer/ansi": "^2.0.5",
        "@inquirer/core": "^11.1.8",
        "@inquirer/figures": "^2.0.5",
        "@inquirer/type": "^4.0.5"
      },
      "engines": {
        "node": ">=23.5.0 || ^22.13.0 || ^21.7.0 || ^20.12.0"
      },
      "peerDependencies": {
        "@types/node": ">=18"
      },
      "peerDependenciesMeta": {
        "@types/node": {
          "optional": true
        }
      }
    },
    "../../bindings/node/node_modules/@inquirer/confirm": {
      "version": "6.0.11",
      "dev": true,
      "license": "MIT",
      "dependencies": {
        "@inquirer/core": "^11.1.8",
        "@inquirer/type": "^4.0.5"
      },
      "engines": {
        "node": ">=23.5.0 || ^22.13.0 || ^21.7.0 || ^20.12.0"
      },
      "peerDependencies": {
        "@types/node": ">=18"
      },
      "peerDependenciesMeta": {
        "@types/node": {
          "optional": true
        }
      }
    },
    "../../bindings/node/node_modules/@inquirer/core": {
      "version": "11.1.8",
      "dev": true,
      "license": "MIT",
      "dependencies": {
        "@inquirer/ansi": "^2.0.5",
        "@inquirer/figures": "^2.0.5",
        "@inquirer/type": "^4.0.5",
        "cli-width": "^4.1.0",
        "fast-wrap-ansi": "^0.2.0",
        "mute-stream": "^3.0.0",
        "signal-exit": "^4.1.0"
      },
      "engines": {
        "node": ">=23.5.0 || ^22.13.0 || ^21.7.0 || ^20.12.0"
      },
      "peerDependencies": {
        "@types/node": ">=18"
      },
      "peerDependenciesMeta": {
        "@types/node": {
          "optional": true
        }
      }
    },
    "../../bindings/node/node_modules/@inquirer/editor": {
      "version": "5.1.0",
      "dev": true,
      "license": "MIT",
      "dependencies": {
        "@inquirer/core": "^11.1.8",
        "@inquirer/external-editor": "^3.0.0",
        "@inquirer/type": "^4.0.5"
      },
      "engines": {
        "node": ">=23.5.0 || ^22.13.0 || ^21.7.0 || ^20.12.0"
      },
      "peerDependencies": {
        "@types/node": ">=18"
      },
      "peerDependenciesMeta": {
        "@types/node": {
          "optional": true
        }
      }
    },
    "../../bindings/node/node_modules/@inquirer/expand": {
      "version": "5.0.12",
      "dev": true,
      "license": "MIT",
      "dependencies": {
        "@inquirer/core": "^11.1.8",
        "@inquirer/type": "^4.0.5"
      },
      "engines": {
        "node": ">=23.5.0 || ^22.13.0 || ^21.7.0 || ^20.12.0"
      },
      "peerDependencies": {
        "@types/node": ">=18"
      },
      "peerDependenciesMeta": {
        "@types/node": {
          "optional": true
        }
      }
    },
    "../../bindings/node/node_modules/@inquirer/external-editor": {
      "version": "3.0.0",
      "dev": true,
      "license": "MIT",
      "dependencies": {
        "chardet": "^2.1.1",
        "iconv-lite": "^0.7.2"
      },
      "engines": {
        "node": ">=23.5.0 || ^22.13.0 || ^21.7.0 || ^20.12.0"
      },
      "peerDependencies": {
        "@types/node": ">=18"
      },
      "peerDependenciesMeta": {
        "@types/node": {
          "optional": true
        }
      }
    },
    "../../bindings/node/node_modules/@inquirer/figures": {
      "version": "2.0.5",
      "dev": true,
      "license": "MIT",
      "engines": {
        "node": ">=23.5.0 || ^22.13.0 || ^21.7.0 || ^20.12.0"
      }
    },
    "../../bindings/node/node_modules/@inquirer/input": {
      "version": "5.0.11",
      "dev": true,
      "license": "MIT",
      "dependencies": {
        "@inquirer/core": "^11.1.8",
        "@inquirer/type": "^4.0.5"
      },
      "engines": {
        "node": ">=23.5.0 || ^22.13.0 || ^21.7.0 || ^20.12.0"
      },
      "peerDependencies": {
        "@types/node": ">=18"
      },
      "peerDependenciesMeta": {
        "@types/node": {
          "optional": true
        }
      }
    },
    "../../bindings/node/node_modules/@inquirer/number": {
      "version": "4.0.11",
      "dev": true,
      "license": "MIT",
      "dependencies": {
        "@inquirer/core": "^11.1.8",
        "@inquirer/type": "^4.0.5"
      },
      "engines": {
        "node": ">=23.5.0 || ^22.13.0 || ^21.7.0 || ^20.12.0"
      },
      "peerDependencies": {
        "@types/node": ">=18"
      },
      "peerDependenciesMeta": {
        "@types/node": {
          "optional": true
        }
      }
    },
    "../../bindings/node/node_modules/@inquirer/password": {
      "version": "5.0.11",
      "dev": true,
      "license": "MIT",
      "dependencies": {
        "@inquirer/ansi": "^2.0.5",
        "@inquirer/core": "^11.1.8",
        "@inquirer/type": "^4.0.5"
      },
      "engines": {
        "node": ">=23.5.0 || ^22.13.0 || ^21.7.0 || ^20.12.0"
      },
      "peerDependencies": {
        "@types/node": ">=18"
      },
      "peerDependenciesMeta": {
        "@types/node": {
          "optional": true
        }
      }
    },
    "../../bindings/node/node_modules/@inquirer/prompts": {
      "version": "8.4.1",
      "dev": true,
      "license": "MIT",
      "dependencies": {
        "@inquirer/checkbox": "^5.1.3",
        "@inquirer/confirm": "^6.0.11",
        "@inquirer/editor": "^5.1.0",
        "@inquirer/expand": "^5.0.12",
        "@inquirer/input": "^5.0.11",
        "@inquirer/number": "^4.0.11",
        "@inquirer/password": "^5.0.11",
        "@inquirer/rawlist": "^5.2.7",
        "@inquirer/search": "^4.1.7",
        "@inquirer/select": "^5.1.3"
      },
      "engines": {
        "node": ">=23.5.0 || ^22.13.0 || ^21.7.0 || ^20.12.0"
      },
      "peerDependencies": {
        "@types/node": ">=18"
      },
      "peerDependenciesMeta": {
        "@types/node": {
          "optional": true
        }
      }
    },
    "../../bindings/node/node_modules/@inquirer/rawlist": {
      "version": "5.2.7",
      "dev": true,
      "license": "MIT",
      "dependencies": {
        "@inquirer/core": "^11.1.8",
        "@inquirer/type": "^4.0.5"
      },
      "engines": {
        "node": ">=23.5.0 || ^22.13.0 || ^21.7.0 || ^20.12.0"
      },
      "peerDependencies": {
        "@types/node": ">=18"
      },
      "peerDependenciesMeta": {
        "@types/node": {
          "optional": true
        }
      }
    },
    "../../bindings/node/node_modules/@inquirer/search": {
      "version": "4.1.7",
      "dev": true,
      "license": "MIT",
      "dependencies": {
        "@inquirer/core": "^11.1.8",
        "@inquirer/figures": "^2.0.5",
        "@inquirer/type": "^4.0.5"
      },
      "engines": {
        "node": ">=23.5.0 || ^22.13.0 || ^21.7.0 || ^20.12.0"
      },
      "peerDependencies": {
        "@types/node": ">=18"
      },
      "peerDependenciesMeta": {
        "@types/node": {
          "optional": true
        }
      }
    },
    "../../bindings/node/node_modules/@inquirer/select": {
      "version": "5.1.3",
      "dev": true,
      "license": "MIT",
      "dependencies": {
        "@inquirer/ansi": "^2.0.5",
        "@inquirer/core": "^11.1.8",
        "@inquirer/figures": "^2.0.5",
        "@inquirer/type": "^4.0.5"
      },
      "engines": {
        "node": ">=23.5.0 || ^22.13.0 || ^21.7.0 || ^20.12.0"
      },
      "peerDependencies": {
        "@types/node": ">=18"
      },
      "peerDependenciesMeta": {
        "@types/node": {
          "optional": true
        }
      }
    },
    "../../bindings/node/node_modules/@inquirer/type": {
      "version": "4.0.5",
      "dev": true,
      "license": "MIT",
      "engines": {
        "node": ">=23.5.0 || ^22.13.0 || ^21.7.0 || ^20.12.0"
      },
      "peerDependencies": {
        "@types/node": ">=18"
      },
      "peerDependenciesMeta": {
        "@types/node": {
          "optional": true
        }
      }
    },
    "../../bindings/node/node_modules/@napi-rs/cli": {
      "version": "3.6.1",
      "dev": true,
      "license": "MIT",
      "dependencies": {
        "@inquirer/prompts": "^8.0.0",
        "@napi-rs/cross-toolchain": "^1.0.3",
        "@napi-rs/wasm-tools": "^1.0.1",
        "@octokit/rest": "^22.0.1",
        "clipanion": "^4.0.0-rc.4",
        "colorette": "^2.0.20",
        "emnapi": "^1.9.1",
        "es-toolkit": "^1.41.0",
        "js-yaml": "^4.1.0",
        "obug": "^2.0.0",
        "semver": "^7.7.3",
        "typanion": "^3.14.0"
      },
      "bin": {
        "napi": "dist/cli.js",
        "napi-raw": "cli.mjs"
      },
      "engines": {
        "node": ">= 16"
      },
      "funding": {
        "type": "github",
        "url": "https://github.com/sponsors/Brooooooklyn"
      },
      "peerDependencies": {
        "@emnapi/runtime": "^1.7.1"
      },
      "peerDependenciesMeta": {
        "@emnapi/runtime": {
          "optional": true
        }
      }
    },
    "../../bindings/node/node_modules/@napi-rs/cross-toolchain": {
      "version": "1.0.3",
      "dev": true,
      "license": "MIT",
      "workspaces": [
        ".",
        "arm64/*",
        "x64/*"
      ],
      "dependencies": {
        "@napi-rs/lzma": "^1.4.5",
        "@napi-rs/tar": "^1.1.0",
        "debug": "^4.4.1"
      },
      "peerDependencies": {
        "@napi-rs/cross-toolchain-arm64-target-aarch64": "^1.0.3",
        "@napi-rs/cross-toolchain-arm64-target-armv7": "^1.0.3",
        "@napi-rs/cross-toolchain-arm64-target-ppc64le": "^1.0.3",
        "@napi-rs/cross-toolchain-arm64-target-s390x": "^1.0.3",
        "@napi-rs/cross-toolchain-arm64-target-x86_64": "^1.0.3",
        "@napi-rs/cross-toolchain-x64-target-aarch64": "^1.0.3",
        "@napi-rs/cross-toolchain-x64-target-armv7": "^1.0.3",
        "@napi-rs/cross-toolchain-x64-target-ppc64le": "^1.0.3",
        "@napi-rs/cross-toolchain-x64-target-s390x": "^1.0.3",
        "@napi-rs/cross-toolchain-x64-target-x86_64": "^1.0.3"
      },
      "peerDependenciesMeta": {
        "@napi-rs/cross-toolchain-arm64-target-aarch64": {
          "optional": true
        },
        "@napi-rs/cross-toolchain-arm64-target-armv7": {
          "optional": true
        },
        "@napi-rs/cross-toolchain-arm64-target-ppc64le": {
          "optional": true
        },
        "@napi-rs/cross-toolchain-arm64-target-s390x": {
          "optional": true
        },
        "@napi-rs/cross-toolchain-arm64-target-x86_64": {
          "optional": true
        },
        "@napi-rs/cross-toolchain-x64-target-aarch64": {
          "optional": true
        },
        "@napi-rs/cross-toolchain-x64-target-armv7": {
          "optional": true
        },
        "@napi-rs/cross-toolchain-x64-target-ppc64le": {
          "optional": true
        },
        "@napi-rs/cross-toolchain-x64-target-s390x": {
          "optional": true
        },
        "@napi-rs/cross-toolchain-x64-target-x86_64": {
          "optional": true
        }
      }
    },
    "../../bindings/node/node_modules/@napi-rs/lzma": {
      "version": "1.4.5",
      "dev": true,
      "license": "MIT",
      "engines": {
        "node": ">= 10"
      },
      "funding": {
        "type": "github",
        "url": "https://github.com/sponsors/Brooooooklyn"
      },
      "optionalDependencies": {
        "@napi-rs/lzma-android-arm-eabi": "1.4.5",
        "@napi-rs/lzma-android-arm64": "1.4.5",
        "@napi-rs/lzma-darwin-arm64": "1.4.5",
        "@napi-rs/lzma-darwin-x64": "1.4.5",
        "@napi-rs/lzma-freebsd-x64": "1.4.5",
        "@napi-rs/lzma-linux-arm-gnueabihf": "1.4.5",
        "@napi-rs/lzma-linux-arm64-gnu": "1.4.5",
        "@napi-rs/lzma-linux-arm64-musl": "1.4.5",
        "@napi-rs/lzma-linux-ppc64-gnu": "1.4.5",
        "@napi-rs/lzma-linux-riscv64-gnu": "1.4.5",
        "@napi-rs/lzma-linux-s390x-gnu": "1.4.5",
        "@napi-rs/lzma-linux-x64-gnu": "1.4.5",
        "@napi-rs/lzma-linux-x64-musl": "1.4.5",
        "@napi-rs/lzma-wasm32-wasi": "1.4.5",
        "@napi-rs/lzma-win32-arm64-msvc": "1.4.5",
        "@napi-rs/lzma-win32-ia32-msvc": "1.4.5",
        "@napi-rs/lzma-win32-x64-msvc": "1.4.5"
      }
    },
    "../../bindings/node/node_modules/@napi-rs/lzma-darwin-arm64": {
      "version": "1.4.5",
      "cpu": [
        "arm64"
      ],
      "dev": true,
      "license": "MIT",
      "optional": true,
      "os": [
        "darwin"
      ],
      "engines": {
        "node": ">= 10"
      }
    },
    "../../bindings/node/node_modules/@napi-rs/tar": {
      "version": "1.1.0",
      "dev": true,
      "license": "MIT",
      "engines": {
        "node": ">= 10"
      },
      "optionalDependencies": {
        "@napi-rs/tar-android-arm-eabi": "1.1.0",
        "@napi-rs/tar-android-arm64": "1.1.0",
        "@napi-rs/tar-darwin-arm64": "1.1.0",
        "@napi-rs/tar-darwin-x64": "1.1.0",
        "@napi-rs/tar-freebsd-x64": "1.1.0",
        "@napi-rs/tar-linux-arm-gnueabihf": "1.1.0",
        "@napi-rs/tar-linux-arm64-gnu": "1.1.0",
        "@napi-rs/tar-linux-arm64-musl": "1.1.0",
        "@napi-rs/tar-linux-ppc64-gnu": "1.1.0",
        "@napi-rs/tar-linux-s390x-gnu": "1.1.0",
        "@napi-rs/tar-linux-x64-gnu": "1.1.0",
        "@napi-rs/tar-linux-x64-musl": "1.1.0",
        "@napi-rs/tar-wasm32-wasi": "1.1.0",
        "@napi-rs/tar-win32-arm64-msvc": "1.1.0",
        "@napi-rs/tar-win32-ia32-msvc": "1.1.0",
        "@napi-rs/tar-win32-x64-msvc": "1.1.0"
      }
    },
    "../../bindings/node/node_modules/@napi-rs/tar-darwin-arm64": {
      "version": "1.1.0",
      "cpu": [
        "arm64"
      ],
      "dev": true,
      "license": "MIT",
      "optional": true,
      "os": [
        "darwin"
      ],
      "engines": {
        "node": ">= 10"
      }
    },
    "../../bindings/node/node_modules/@napi-rs/wasm-tools": {
      "version": "1.0.1",
      "dev": true,
      "license": "MIT",
      "engines": {
        "node": ">= 10"
      },
      "optionalDependencies": {
        "@napi-rs/wasm-tools-android-arm-eabi": "1.0.1",
        "@napi-rs/wasm-tools-android-arm64": "1.0.1",
        "@napi-rs/wasm-tools-darwin-arm64": "1.0.1",
        "@napi-rs/wasm-tools-darwin-x64": "1.0.1",
        "@napi-rs/wasm-tools-freebsd-x64": "1.0.1",
        "@napi-rs/wasm-tools-linux-arm64-gnu": "1.0.1",
        "@napi-rs/wasm-tools-linux-arm64-musl": "1.0.1",
        "@napi-rs/wasm-tools-linux-x64-gnu": "1.0.1",
        "@napi-rs/wasm-tools-linux-x64-musl": "1.0.1",
        "@napi-rs/wasm-tools-wasm32-wasi": "1.0.1",
        "@napi-rs/wasm-tools-win32-arm64-msvc": "1.0.1",
        "@napi-rs/wasm-tools-win32-ia32-msvc": "1.0.1",
        "@napi-rs/wasm-tools-win32-x64-msvc": "1.0.1"
      }
    },
    "../../bindings/node/node_modules/@napi-rs/wasm-tools-darwin-arm64": {
      "version": "1.0.1",
      "cpu": [
        "arm64"
      ],
      "dev": true,
      "license": "MIT",
      "optional": true,
      "os": [
        "darwin"
      ],
      "engines": {
        "node": ">= 10"
      }
    },
    "../../bindings/node/node_modules/@octokit/auth-token": {
      "version": "6.0.0",
      "dev": true,
      "license": "MIT",
      "engines": {
        "node": ">= 20"
      }
    },
    "../../bindings/node/node_modules/@octokit/core": {
      "version": "7.0.6",
      "dev": true,
      "license": "MIT",
      "peer": true,
      "dependencies": {
        "@octokit/auth-token": "^6.0.0",
        "@octokit/graphql": "^9.0.3",
        "@octokit/request": "^10.0.6",
        "@octokit/request-error": "^7.0.2",
        "@octokit/types": "^16.0.0",
        "before-after-hook": "^4.0.0",
        "universal-user-agent": "^7.0.0"
      },
      "engines": {
        "node": ">= 20"
      }
    },
    "../../bindings/node/node_modules/@octokit/endpoint": {
      "version": "11.0.3",
      "dev": true,
      "license": "MIT",
      "dependencies": {
        "@octokit/types": "^16.0.0",
        "universal-user-agent": "^7.0.2"
      },
      "engines": {
        "node": ">= 20"
      }
    },
    "../../bindings/node/node_modules/@octokit/graphql": {
      "version": "9.0.3",
      "dev": true,
      "license": "MIT",
      "dependencies": {
        "@octokit/request": "^10.0.6",
        "@octokit/types": "^16.0.0",
        "universal-user-agent": "^7.0.0"
      },
      "engines": {
        "node": ">= 20"
      }
    },
    "../../bindings/node/node_modules/@octokit/openapi-types": {
      "version": "27.0.0",
      "dev": true,
      "license": "MIT"
    },
    "../../bindings/node/node_modules/@octokit/plugin-paginate-rest": {
      "version": "14.0.0",
      "dev": true,
      "license": "MIT",
      "dependencies": {
        "@octokit/types": "^16.0.0"
      },
      "engines": {
        "node": ">= 20"
      },
      "peerDependencies": {
        "@octokit/core": ">=6"
      }
    },
    "../../bindings/node/node_modules/@octokit/plugin-request-log": {
      "version": "6.0.0",
      "dev": true,
      "license": "MIT",
      "engines": {
        "node": ">= 20"
      },
      "peerDependencies": {
        "@octokit/core": ">=6"
      }
    },
    "../../bindings/node/node_modules/@octokit/plugin-rest-endpoint-methods": {
      "version": "17.0.0",
      "dev": true,
      "license": "MIT",
      "dependencies": {
        "@octokit/types": "^16.0.0"
      },
      "engines": {
        "node": ">= 20"
      },
      "peerDependencies": {
        "@octokit/core": ">=6"
      }
    },
    "../../bindings/node/node_modules/@octokit/request": {
      "version": "10.0.8",
      "dev": true,
      "license": "MIT",
      "dependencies": {
        "@octokit/endpoint": "^11.0.3",
        "@octokit/request-error": "^7.0.2",
        "@octokit/types": "^16.0.0",
        "fast-content-type-parse": "^3.0.0",
        "json-with-bigint": "^3.5.3",
        "universal-user-agent": "^7.0.2"
      },
      "engines": {
        "node": ">= 20"
      }
    },
    "../../bindings/node/node_modules/@octokit/request-error": {
      "version": "7.1.0",
      "dev": true,
      "license": "MIT",
      "dependencies": {
        "@octokit/types": "^16.0.0"
      },
      "engines": {
        "node": ">= 20"
      }
    },
    "../../bindings/node/node_modules/@octokit/rest": {
      "version": "22.0.1",
      "dev": true,
      "license": "MIT",
      "dependencies": {
        "@octokit/core": "^7.0.6",
        "@octokit/plugin-paginate-rest": "^14.0.0",
        "@octokit/plugin-request-log": "^6.0.0",
        "@octokit/plugin-rest-endpoint-methods": "^17.0.0"
      },
      "engines": {
        "node": ">= 20"
      }
    },
    "../../bindings/node/node_modules/@octokit/types": {
      "version": "16.0.0",
      "dev": true,
      "license": "MIT",
      "dependencies": {
        "@octokit/openapi-types": "^27.0.0"
      }
    },
    "../../bindings/node/node_modules/argparse": {
      "version": "2.0.1",
      "dev": true,
      "license": "Python-2.0"
    },
    "../../bindings/node/node_modules/before-after-hook": {
      "version": "4.0.0",
      "dev": true,
      "license": "Apache-2.0"
    },
    "../../bindings/node/node_modules/chardet": {
      "version": "2.1.1",
      "dev": true,
      "license": "MIT"
    },
    "../../bindings/node/node_modules/cli-width": {
      "version": "4.1.0",
      "dev": true,
      "license": "ISC",
      "engines": {
        "node": ">= 12"
      }
    },
    "../../bindings/node/node_modules/clipanion": {
      "version": "4.0.0-rc.4",
      "dev": true,
      "license": "MIT",
      "workspaces": [
        "website"
      ],
      "dependencies": {
        "typanion": "^3.8.0"
      },
      "peerDependencies": {
        "typanion": "*"
      }
    },
    "../../bindings/node/node_modules/colorette": {
      "version": "2.0.20",
      "dev": true,
      "license": "MIT"
    },
    "../../bindings/node/node_modules/debug": {
      "version": "4.4.3",
      "dev": true,
      "license": "MIT",
      "dependencies": {
        "ms": "^2.1.3"
      },
      "engines": {
        "node": ">=6.0"
      },
      "peerDependenciesMeta": {
        "supports-color": {
          "optional": true
        }
      }
    },
    "../../bindings/node/node_modules/emnapi": {
      "version": "1.9.2",
      "dev": true,
      "license": "MIT",
      "peerDependencies": {
        "node-addon-api": ">= 6.1.0"
      },
      "peerDependenciesMeta": {
        "node-addon-api": {
          "optional": true
        }
      }
    },
    "../../bindings/node/node_modules/es-toolkit": {
      "version": "1.45.1",
      "dev": true,
      "license": "MIT",
      "workspaces": [
        "docs",
        "benchmarks"
      ]
    },
    "../../bindings/node/node_modules/fast-content-type-parse": {
      "version": "3.0.0",
      "dev": true,
      "funding": [
        {
          "type": "github",
          "url": "https://github.com/sponsors/fastify"
        },
        {
          "type": "opencollective",
          "url": "https://opencollective.com/fastify"
        }
      ],
      "license": "MIT"
    },
    "../../bindings/node/node_modules/fast-string-truncated-width": {
      "version": "3.0.3",
      "dev": true,
      "license": "MIT"
    },
    "../../bindings/node/node_modules/fast-string-width": {
      "version": "3.0.2",
      "dev": true,
      "license": "MIT",
      "dependencies": {
        "fast-string-truncated-width": "^3.0.2"
      }
    },
    "../../bindings/node/node_modules/fast-wrap-ansi": {
      "version": "0.2.0",
      "dev": true,
      "license": "MIT",
      "dependencies": {
        "fast-string-width": "^3.0.2"
      }
    },
    "../../bindings/node/node_modules/iconv-lite": {
      "version": "0.7.2",
      "dev": true,
      "license": "MIT",
      "dependencies": {
        "safer-buffer": ">= 2.1.2 < 3.0.0"
      },
      "engines": {
        "node": ">=0.10.0"
      },
      "funding": {
        "type": "opencollective",
        "url": "https://opencollective.com/express"
      }
    },
    "../../bindings/node/node_modules/js-yaml": {
      "version": "4.1.1",
      "dev": true,
      "license": "MIT",
      "dependencies": {
        "argparse": "^2.0.1"
      },
      "bin": {
        "js-yaml": "bin/js-yaml.js"
      }
    },
    "../../bindings/node/node_modules/json-with-bigint": {
      "version": "3.5.8",
      "dev": true,
      "license": "MIT"
    },
    "../../bindings/node/node_modules/ms": {
      "version": "2.1.3",
      "dev": true,
      "license": "MIT"
    },
    "../../bindings/node/node_modules/mute-stream": {
      "version": "3.0.0",
      "dev": true,
      "license": "ISC",
      "engines": {
        "node": "^20.17.0 || >=22.9.0"
      }
    },
    "../../bindings/node/node_modules/obug": {
      "version": "2.1.1",
      "dev": true,
      "funding": [
        "https://github.com/sponsors/sxzz",
        "https://opencollective.com/debug"
      ],
      "license": "MIT"
    },
    "../../bindings/node/node_modules/safer-buffer": {
      "version": "2.1.2",
      "dev": true,
      "license": "MIT"
    },
    "../../bindings/node/node_modules/semver": {
      "version": "7.7.4",
      "dev": true,
      "license": "ISC",
      "bin": {
        "semver": "bin/semver.js"
      },
      "engines": {
        "node": ">=10"
      }
    },
    "../../bindings/node/node_modules/signal-exit": {
      "version": "4.1.0",
      "dev": true,
      "license": "ISC",
      "engines": {
        "node": ">=14"
      },
      "funding": {
        "url": "https://github.com/sponsors/isaacs"
      }
    },
    "../../bindings/node/node_modules/typanion": {
      "version": "3.14.0",
      "dev": true,
      "license": "MIT",
      "workspaces": [
        "website"
      ]
    },
    "../../bindings/node/node_modules/universal-user-agent": {
      "version": "7.0.3",
      "dev": true,
      "license": "ISC"
    },
    "node_modules/@cross-logger/node": {
      "resolved": "../../bindings/node",
      "link": true
    },
    "node_modules/@esbuild/aix-ppc64": {
      "version": "0.27.7",
      "resolved": "https://registry.npmjs.org/@esbuild/aix-ppc64/-/aix-ppc64-0.27.7.tgz",
      "integrity": "sha512-EKX3Qwmhz1eMdEJokhALr0YiD0lhQNwDqkPYyPhiSwKrh7/4KRjQc04sZ8db+5DVVnZ1LmbNDI1uAMPEUBnQPg==",
      "cpu": [
        "ppc64"
      ],
      "dev": true,
      "license": "MIT",
      "optional": true,
      "os": [
        "aix"
      ],
      "engines": {
        "node": ">=18"
      }
    },
    "node_modules/@esbuild/android-arm": {
      "version": "0.27.7",
      "resolved": "https://registry.npmjs.org/@esbuild/android-arm/-/android-arm-0.27.7.tgz",
      "integrity": "sha512-jbPXvB4Yj2yBV7HUfE2KHe4GJX51QplCN1pGbYjvsyCZbQmies29EoJbkEc+vYuU5o45AfQn37vZlyXy4YJ8RQ==",
      "cpu": [
        "arm"
      ],
      "dev": true,
      "license": "MIT",
      "optional": true,
      "os": [
        "android"
      ],
      "engines": {
        "node": ">=18"
      }
    },
    "node_modules/@esbuild/android-arm64": {
      "version": "0.27.7",
      "resolved": "https://registry.npmjs.org/@esbuild/android-arm64/-/android-arm64-0.27.7.tgz",
      "integrity": "sha512-62dPZHpIXzvChfvfLJow3q5dDtiNMkwiRzPylSCfriLvZeq0a1bWChrGx/BbUbPwOrsWKMn8idSllklzBy+dgQ==",
      "cpu": [
        "arm64"
      ],
      "dev": true,
      "license": "MIT",
      "optional": true,
      "os": [
        "android"
      ],
      "engines": {
        "node": ">=18"
      }
    },
    "node_modules/@esbuild/android-x64": {
      "version": "0.27.7",
      "resolved": "https://registry.npmjs.org/@esbuild/android-x64/-/android-x64-0.27.7.tgz",
      "integrity": "sha512-x5VpMODneVDb70PYV2VQOmIUUiBtY3D3mPBG8NxVk5CogneYhkR7MmM3yR/uMdITLrC1ml/NV1rj4bMJuy9MCg==",
      "cpu": [
        "x64"
      ],
      "dev": true,
      "license": "MIT",
      "optional": true,
      "os": [
        "android"
      ],
      "engines": {
        "node": ">=18"
      }
    },
    "node_modules/@esbuild/darwin-arm64": {
      "version": "0.27.7",
      "resolved": "https://registry.npmjs.org/@esbuild/darwin-arm64/-/darwin-arm64-0.27.7.tgz",
      "integrity": "sha512-5lckdqeuBPlKUwvoCXIgI2D9/ABmPq3Rdp7IfL70393YgaASt7tbju3Ac+ePVi3KDH6N2RqePfHnXkaDtY9fkw==",
      "cpu": [
        "arm64"
      ],
      "dev": true,
      "license": "MIT",
      "optional": true,
      "os": [
        "darwin"
      ],
      "engines": {
        "node": ">=18"
      }
    },
    "node_modules/@esbuild/darwin-x64": {
      "version": "0.27.7",
      "resolved": "https://registry.npmjs.org/@esbuild/darwin-x64/-/darwin-x64-0.27.7.tgz",
      "integrity": "sha512-rYnXrKcXuT7Z+WL5K980jVFdvVKhCHhUwid+dDYQpH+qu+TefcomiMAJpIiC2EM3Rjtq0sO3StMV/+3w3MyyqQ==",
      "cpu": [
        "x64"
      ],
      "dev": true,
      "license": "MIT",
      "optional": true,
      "os": [
        "darwin"
      ],
      "engines": {
        "node": ">=18"
      }
    },
    "node_modules/@esbuild/freebsd-arm64": {
      "version": "0.27.7",
      "resolved": "https://registry.npmjs.org/@esbuild/freebsd-arm64/-/freebsd-arm64-0.27.7.tgz",
      "integrity": "sha512-B48PqeCsEgOtzME2GbNM2roU29AMTuOIN91dsMO30t+Ydis3z/3Ngoj5hhnsOSSwNzS+6JppqWsuhTp6E82l2w==",
      "cpu": [
        "arm64"
      ],
      "dev": true,
      "license": "MIT",
      "optional": true,
      "os": [
        "freebsd"
      ],
      "engines": {
        "node": ">=18"
      }
    },
    "node_modules/@esbuild/freebsd-x64": {
      "version": "0.27.7",
      "resolved": "https://registry.npmjs.org/@esbuild/freebsd-x64/-/freebsd-x64-0.27.7.tgz",
      "integrity": "sha512-jOBDK5XEjA4m5IJK3bpAQF9/Lelu/Z9ZcdhTRLf4cajlB+8VEhFFRjWgfy3M1O4rO2GQ/b2dLwCUGpiF/eATNQ==",
      "cpu": [
        "x64"
      ],
      "dev": true,
      "license": "MIT",
      "optional": true,
      "os": [
        "freebsd"
      ],
      "engines": {
        "node": ">=18"
      }
    },
    "node_modules/@esbuild/linux-arm": {
      "version": "0.27.7",
      "resolved": "https://registry.npmjs.org/@esbuild/linux-arm/-/linux-arm-0.27.7.tgz",
      "integrity": "sha512-RkT/YXYBTSULo3+af8Ib0ykH8u2MBh57o7q/DAs3lTJlyVQkgQvlrPTnjIzzRPQyavxtPtfg0EopvDyIt0j1rA==",
      "cpu": [
        "arm"
      ],
      "dev": true,
      "license": "MIT",
      "optional": true,
      "os": [
        "linux"
      ],
      "engines": {
        "node": ">=18"
      }
    },
    "node_modules/@esbuild/linux-arm64": {
      "version": "0.27.7",
      "resolved": "https://registry.npmjs.org/@esbuild/linux-arm64/-/linux-arm64-0.27.7.tgz",
      "integrity": "sha512-RZPHBoxXuNnPQO9rvjh5jdkRmVizktkT7TCDkDmQ0W2SwHInKCAV95GRuvdSvA7w4VMwfCjUiPwDi0ZO6Nfe9A==",
      "cpu": [
        "arm64"
      ],
      "dev": true,
      "license": "MIT",
      "optional": true,
      "os": [
        "linux"
      ],
      "engines": {
        "node": ">=18"
      }
    },
    "node_modules/@esbuild/linux-ia32": {
      "version": "0.27.7",
      "resolved": "https://registry.npmjs.org/@esbuild/linux-ia32/-/linux-ia32-0.27.7.tgz",
      "integrity": "sha512-GA48aKNkyQDbd3KtkplYWT102C5sn/EZTY4XROkxONgruHPU72l+gW+FfF8tf2cFjeHaRbWpOYa/uRBz/Xq1Pg==",
      "cpu": [
        "ia32"
      ],
      "dev": true,
      "license": "MIT",
      "optional": true,
      "os": [
        "linux"
      ],
      "engines": {
        "node": ">=18"
      }
    },
    "node_modules/@esbuild/linux-loong64": {
      "version": "0.27.7",
      "resolved": "https://registry.npmjs.org/@esbuild/linux-loong64/-/linux-loong64-0.27.7.tgz",
      "integrity": "sha512-a4POruNM2oWsD4WKvBSEKGIiWQF8fZOAsycHOt6JBpZ+JN2n2JH9WAv56SOyu9X5IqAjqSIPTaJkqN8F7XOQ5Q==",
      "cpu": [
        "loong64"
      ],
      "dev": true,
      "license": "MIT",
      "optional": true,
      "os": [
        "linux"
      ],
      "engines": {
        "node": ">=18"
      }
    },
    "node_modules/@esbuild/linux-mips64el": {
      "version": "0.27.7",
      "resolved": "https://registry.npmjs.org/@esbuild/linux-mips64el/-/linux-mips64el-0.27.7.tgz",
      "integrity": "sha512-KabT5I6StirGfIz0FMgl1I+R1H73Gp0ofL9A3nG3i/cYFJzKHhouBV5VWK1CSgKvVaG4q1RNpCTR2LuTVB3fIw==",
      "cpu": [
        "mips64el"
      ],
      "dev": true,
      "license": "MIT",
      "optional": true,
      "os": [
        "linux"
      ],
      "engines": {
        "node": ">=18"
      }
    },
    "node_modules/@esbuild/linux-ppc64": {
      "version": "0.27.7",
      "resolved": "https://registry.npmjs.org/@esbuild/linux-ppc64/-/linux-ppc64-0.27.7.tgz",
      "integrity": "sha512-gRsL4x6wsGHGRqhtI+ifpN/vpOFTQtnbsupUF5R5YTAg+y/lKelYR1hXbnBdzDjGbMYjVJLJTd2OFmMewAgwlQ==",
      "cpu": [
        "ppc64"
      ],
      "dev": true,
      "license": "MIT",
      "optional": true,
      "os": [
        "linux"
      ],
      "engines": {
        "node": ">=18"
      }
    },
    "node_modules/@esbuild/linux-riscv64": {
      "version": "0.27.7",
      "resolved": "https://registry.npmjs.org/@esbuild/linux-riscv64/-/linux-riscv64-0.27.7.tgz",
      "integrity": "sha512-hL25LbxO1QOngGzu2U5xeXtxXcW+/GvMN3ejANqXkxZ/opySAZMrc+9LY/WyjAan41unrR3YrmtTsUpwT66InQ==",
      "cpu": [
        "riscv64"
      ],
      "dev": true,
      "license": "MIT",
      "optional": true,
      "os": [
        "linux"
      ],
      "engines": {
        "node": ">=18"
      }
    },
    "node_modules/@esbuild/linux-s390x": {
      "version": "0.27.7",
      "resolved": "https://registry.npmjs.org/@esbuild/linux-s390x/-/linux-s390x-0.27.7.tgz",
      "integrity": "sha512-2k8go8Ycu1Kb46vEelhu1vqEP+UeRVj2zY1pSuPdgvbd5ykAw82Lrro28vXUrRmzEsUV0NzCf54yARIK8r0fdw==",
      "cpu": [
        "s390x"
      ],
      "dev": true,
      "license": "MIT",
      "optional": true,
      "os": [
        "linux"
      ],
      "engines": {
        "node": ">=18"
      }
    },
    "node_modules/@esbuild/linux-x64": {
      "version": "0.27.7",
      "resolved": "https://registry.npmjs.org/@esbuild/linux-x64/-/linux-x64-0.27.7.tgz",
      "integrity": "sha512-hzznmADPt+OmsYzw1EE33ccA+HPdIqiCRq7cQeL1Jlq2gb1+OyWBkMCrYGBJ+sxVzve2ZJEVeePbLM2iEIZSxA==",
      "cpu": [
        "x64"
      ],
      "dev": true,
      "license": "MIT",
      "optional": true,
      "os": [
        "linux"
      ],
      "engines": {
        "node": ">=18"
      }
    },
    "node_modules/@esbuild/netbsd-arm64": {
      "version": "0.27.7",
      "resolved": "https://registry.npmjs.org/@esbuild/netbsd-arm64/-/netbsd-arm64-0.27.7.tgz",
      "integrity": "sha512-b6pqtrQdigZBwZxAn1UpazEisvwaIDvdbMbmrly7cDTMFnw/+3lVxxCTGOrkPVnsYIosJJXAsILG9XcQS+Yu6w==",
      "cpu": [
        "arm64"
      ],
      "dev": true,
      "license": "MIT",
      "optional": true,
      "os": [
        "netbsd"
      ],
      "engines": {
        "node": ">=18"
      }
    },
    "node_modules/@esbuild/netbsd-x64": {
      "version": "0.27.7",
      "resolved": "https://registry.npmjs.org/@esbuild/netbsd-x64/-/netbsd-x64-0.27.7.tgz",
      "integrity": "sha512-OfatkLojr6U+WN5EDYuoQhtM+1xco+/6FSzJJnuWiUw5eVcicbyK3dq5EeV/QHT1uy6GoDhGbFpprUiHUYggrw==",
      "cpu": [
        "x64"
      ],
      "dev": true,
      "license": "MIT",
      "optional": true,
      "os": [
        "netbsd"
      ],
      "engines": {
        "node": ">=18"
      }
    },
    "node_modules/@esbuild/openbsd-arm64": {
      "version": "0.27.7",
      "resolved": "https://registry.npmjs.org/@esbuild/openbsd-arm64/-/openbsd-arm64-0.27.7.tgz",
      "integrity": "sha512-AFuojMQTxAz75Fo8idVcqoQWEHIXFRbOc1TrVcFSgCZtQfSdc1RXgB3tjOn/krRHENUB4j00bfGjyl2mJrU37A==",
      "cpu": [
        "arm64"
      ],
      "dev": true,
      "license": "MIT",
      "optional": true,
      "os": [
        "openbsd"
      ],
      "engines": {
        "node": ">=18"
      }
    },
    "node_modules/@esbuild/openbsd-x64": {
      "version": "0.27.7",
      "resolved": "https://registry.npmjs.org/@esbuild/openbsd-x64/-/openbsd-x64-0.27.7.tgz",
      "integrity": "sha512-+A1NJmfM8WNDv5CLVQYJ5PshuRm/4cI6WMZRg1by1GwPIQPCTs1GLEUHwiiQGT5zDdyLiRM/l1G0Pv54gvtKIg==",
      "cpu": [
        "x64"
      ],
      "dev": true,
      "license": "MIT",
      "optional": true,
      "os": [
        "openbsd"
      ],
      "engines": {
        "node": ">=18"
      }
    },
    "node_modules/@esbuild/openharmony-arm64": {
      "version": "0.27.7",
      "resolved": "https://registry.npmjs.org/@esbuild/openharmony-arm64/-/openharmony-arm64-0.27.7.tgz",
      "integrity": "sha512-+KrvYb/C8zA9CU/g0sR6w2RBw7IGc5J2BPnc3dYc5VJxHCSF1yNMxTV5LQ7GuKteQXZtspjFbiuW5/dOj7H4Yw==",
      "cpu": [
        "arm64"
      ],
      "dev": true,
      "license": "MIT",
      "optional": true,
      "os": [
        "openharmony"
      ],
      "engines": {
        "node": ">=18"
      }
    },
    "node_modules/@esbuild/sunos-x64": {
      "version": "0.27.7",
      "resolved": "https://registry.npmjs.org/@esbuild/sunos-x64/-/sunos-x64-0.27.7.tgz",
      "integrity": "sha512-ikktIhFBzQNt/QDyOL580ti9+5mL/YZeUPKU2ivGtGjdTYoqz6jObj6nOMfhASpS4GU4Q/Clh1QtxWAvcYKamA==",
      "cpu": [
        "x64"
      ],
      "dev": true,
      "license": "MIT",
      "optional": true,
      "os": [
        "sunos"
      ],
      "engines": {
        "node": ">=18"
      }
    },
    "node_modules/@esbuild/win32-arm64": {
      "version": "0.27.7",
      "resolved": "https://registry.npmjs.org/@esbuild/win32-arm64/-/win32-arm64-0.27.7.tgz",
      "integrity": "sha512-7yRhbHvPqSpRUV7Q20VuDwbjW5kIMwTHpptuUzV+AA46kiPze5Z7qgt6CLCK3pWFrHeNfDd1VKgyP4O+ng17CA==",
      "cpu": [
        "arm64"
      ],
      "dev": true,
      "license": "MIT",
      "optional": true,
      "os": [
        "win32"
      ],
      "engines": {
        "node": ">=18"
      }
    },
    "node_modules/@esbuild/win32-ia32": {
      "version": "0.27.7",
      "resolved": "https://registry.npmjs.org/@esbuild/win32-ia32/-/win32-ia32-0.27.7.tgz",
      "integrity": "sha512-SmwKXe6VHIyZYbBLJrhOoCJRB/Z1tckzmgTLfFYOfpMAx63BJEaL9ExI8x7v0oAO3Zh6D/Oi1gVxEYr5oUCFhw==",
      "cpu": [
        "ia32"
      ],
      "dev": true,
      "license": "MIT",
      "optional": true,
      "os": [
        "win32"
      ],
      "engines": {
        "node": ">=18"
      }
    },
    "node_modules/@esbuild/win32-x64": {
      "version": "0.27.7",
      "resolved": "https://registry.npmjs.org/@esbuild/win32-x64/-/win32-x64-0.27.7.tgz",
      "integrity": "sha512-56hiAJPhwQ1R4i+21FVF7V8kSD5zZTdHcVuRFMW0hn753vVfQN8xlx4uOPT4xoGH0Z/oVATuR82AiqSTDIpaHg==",
      "cpu": [
        "x64"
      ],
      "dev": true,
      "license": "MIT",
      "optional": true,
      "os": [
        "win32"
      ],
      "engines": {
        "node": ">=18"
      }
    },
    "node_modules/esbuild": {
      "version": "0.27.7",
      "resolved": "https://registry.npmjs.org/esbuild/-/esbuild-0.27.7.tgz",
      "integrity": "sha512-IxpibTjyVnmrIQo5aqNpCgoACA/dTKLTlhMHihVHhdkxKyPO1uBBthumT0rdHmcsk9uMonIWS0m4FljWzILh3w==",
      "dev": true,
      "hasInstallScript": true,
      "license": "MIT",
      "bin": {
        "esbuild": "bin/esbuild"
      },
      "engines": {
        "node": ">=18"
      },
      "optionalDependencies": {
        "@esbuild/aix-ppc64": "0.27.7",
        "@esbuild/android-arm": "0.27.7",
        "@esbuild/android-arm64": "0.27.7",
        "@esbuild/android-x64": "0.27.7",
        "@esbuild/darwin-arm64": "0.27.7",
        "@esbuild/darwin-x64": "0.27.7",
        "@esbuild/freebsd-arm64": "0.27.7",
        "@esbuild/freebsd-x64": "0.27.7",
        "@esbuild/linux-arm": "0.27.7",
        "@esbuild/linux-arm64": "0.27.7",
        "@esbuild/linux-ia32": "0.27.7",
        "@esbuild/linux-loong64": "0.27.7",
        "@esbuild/linux-mips64el": "0.27.7",
        "@esbuild/linux-ppc64": "0.27.7",
        "@esbuild/linux-riscv64": "0.27.7",
        "@esbuild/linux-s390x": "0.27.7",
        "@esbuild/linux-x64": "0.27.7",
        "@esbuild/netbsd-arm64": "0.27.7",
        "@esbuild/netbsd-x64": "0.27.7",
        "@esbuild/openbsd-arm64": "0.27.7",
        "@esbuild/openbsd-x64": "0.27.7",
        "@esbuild/openharmony-arm64": "0.27.7",
        "@esbuild/sunos-x64": "0.27.7",
        "@esbuild/win32-arm64": "0.27.7",
        "@esbuild/win32-ia32": "0.27.7",
        "@esbuild/win32-x64": "0.27.7"
      }
    },
    "node_modules/fsevents": {
      "version": "2.3.3",
      "resolved": "https://registry.npmjs.org/fsevents/-/fsevents-2.3.3.tgz",
      "integrity": "sha512-5xoDfX+fL7faATnagmWPpbFtwh/R77WmMMqqHGS65C3vvB0YHrgF+B1YmZ3441tMj5n63k0212XNoJwzlhffQw==",
      "dev": true,
      "hasInstallScript": true,
      "license": "MIT",
      "optional": true,
      "os": [
        "darwin"
      ],
      "engines": {
        "node": "^8.16.0 || ^10.6.0 || >=11.0.0"
      }
    },
    "node_modules/get-tsconfig": {
      "version": "4.13.7",
      "resolved": "https://registry.npmjs.org/get-tsconfig/-/get-tsconfig-4.13.7.tgz",
      "integrity": "sha512-7tN6rFgBlMgpBML5j8typ92BKFi2sFQvIdpAqLA2beia5avZDrMs0FLZiM5etShWq5irVyGcGMEA1jcDaK7A/Q==",
      "dev": true,
      "license": "MIT",
      "dependencies": {
        "resolve-pkg-maps": "^1.0.0"
      },
      "funding": {
        "url": "https://github.com/privatenumber/get-tsconfig?sponsor=1"
      }
    },
    "node_modules/resolve-pkg-maps": {
      "version": "1.0.0",
      "resolved": "https://registry.npmjs.org/resolve-pkg-maps/-/resolve-pkg-maps-1.0.0.tgz",
      "integrity": "sha512-seS2Tj26TBVOC2NIc2rOe2y2ZO7efxITtLZcGSOnHHNOQ7CkiUBfw0Iw2ck6xkIhPwLhKNLS8BO+hEpngQlqzw==",
      "dev": true,
      "license": "MIT",
      "funding": {
        "url": "https://github.com/privatenumber/resolve-pkg-maps?sponsor=1"
      }
    },
    "node_modules/tsx": {
      "version": "4.21.0",
      "resolved": "https://registry.npmjs.org/tsx/-/tsx-4.21.0.tgz",
      "integrity": "sha512-5C1sg4USs1lfG0GFb2RLXsdpXqBSEhAaA/0kPL01wxzpMqLILNxIxIOKiILz+cdg/pLnOUxFYOR5yhHU666wbw==",
      "dev": true,
      "license": "MIT",
      "dependencies": {
        "esbuild": "~0.27.0",
        "get-tsconfig": "^4.7.5"
      },
      "bin": {
        "tsx": "dist/cli.mjs"
      },
      "engines": {
        "node": ">=18.0.0"
      },
      "optionalDependencies": {
        "fsevents": "~2.3.3"
      }
    },
    "node_modules/typescript": {
      "version": "6.0.2",
      "resolved": "https://registry.npmjs.org/typescript/-/typescript-6.0.2.tgz",
      "integrity": "sha512-bGdAIrZ0wiGDo5l8c++HWtbaNCWTS4UTv7RaTH/ThVIgjkveJt83m74bBHMJkuCbslY8ixgLBVZJIOiQlQTjfQ==",
      "dev": true,
      "license": "Apache-2.0",
      "bin": {
        "tsc": "bin/tsc",
        "tsserver": "bin/tsserver"
      },
      "engines": {
        "node": ">=14.17"
      }
    }
  }
}
